PODS:
  - lottie-ios (4.3.3)
  - SDWebImage (5.18.5):
    - SDWebImage/Core (= 5.18.5)
  - SDWebImage/Core (5.18.5)

DEPENDENCIES:
  - lottie-ios
  - SDWebImage

SPEC REPOS:
  trunk:
    - lottie-ios
    - SDWebImage

SPEC CHECKSUMS:
  lottie-ios: 25e7b2675dad5c3ddad369ac9baab03560c5bfdd
  SDWebImage: 7ac2b7ddc5e8484c79aa90fc4e30b149d6a2c88f

PODFILE CHECKSUM: c449847bdf96f2107d7a53785dbc37edbf6ee6ac

COCOAPODS: 1.14.2
